
Microsoft Visual Studio Solution File, Format Version 12.00
# Visual Studio 15
VisualStudioVersion = 15.0.28307.421
MinimumVisualStudioVersion = 10.0.40219.1
Project("{9A19103F-16F7-4668-BE54-9A1E7A4F7556}") = "AllTodo.Server", "AllTodo.Server\AllTodo.Server.csproj", "{741B0708-123B-4DE7-9D8C-E55B6A341F1D}"
EndProject
Project("{FAE04EC0-301F-11D3-BF4B-00C04F79EFBC}") = "AllTodo.Shared", "AllTodo.Shared\AllTodo.Shared.csproj", "{68A748B8-FF80-4648-BBB8-1993C0068A75}"
EndProject
Project("{FAE04EC0-301F-11D3-BF4B-00C04F79EFBC}") = "AllTodo.CLI", "AllTodo.CLI\AllTodo.CLI.csproj", "{1306E41C-4FDF-4460-9EC0-98ED608275C4}"
EndProject
Global
	GlobalSection(SolutionConfigurationPlatforms) = preSolution
		Debug|Any CPU = Debug|Any CPU
		Release|Any CPU = Release|Any CPU
	EndGlobalSection
	GlobalSection(ProjectConfigurationPlatforms) = postSolution
		{741B0708-123B-4DE7-9D8C-E55B6A341F1D}.Debug|Any CPU.ActiveCfg = Debug|Any CPU
		{741B0708-123B-4DE7-9D8C-E55B6A341F1D}.Debug|Any CPU.Build.0 = Debug|Any CPU
		{741B0708-123B-4DE7-9D8C-E55B6A341F1D}.Release|Any CPU.ActiveCfg = Release|Any CPU
		{741B0708-123B-4DE7-9D8C-E55B6A341F1D}.Release|Any CPU.Build.0 = Release|Any CPU
		{68A748B8-FF80-4648-BBB8-1993C0068A75}.Debug|Any CPU.ActiveCfg = Debug|Any CPU
		{68A748B8-FF80-4648-BBB8-1993C0068A75}.Debug|Any CPU.Build.0 = Debug|Any CPU
		{68A748B8-FF80-4648-BBB8-1993C0068A75}.Release|Any CPU.ActiveCfg = Release|Any CPU
		{68A748B8-FF80-4648-BBB8-1993C0068A75}.Release|Any CPU.Build.0 = Release|Any CPU
		{1306E41C-4FDF-4460-9EC0-98ED608275C4}.Debug|Any CPU.ActiveCfg = Debug|Any CPU
		{1306E41C-4FDF-4460-9EC0-98ED608275C4}.Debug|Any CPU.Build.0 = Debug|Any CPU
		{1306E41C-4FDF-4460-9EC0-98ED608275C4}.Release|Any CPU.ActiveCfg = Release|Any CPU
		{1306E41C-4FDF-4460-9EC0-98ED608275C4}.Release|Any CPU.Build.0 = Release|Any CPU
	EndGlobalSection
	GlobalSection(SolutionProperties) = preSolution
		HideSolutionNode = FALSE
	EndGlobalSection
	GlobalSection(ExtensibilityGlobals) = postSolution
		SolutionGuid = {C1EF3F1B-6137-4213-8F22-498325246804}
	EndGlobalSection
EndGlobal
